// !$*UTF8*$!
{
	archiveVersion = 1;
	classes = {
	};
	objectVersion = 56;
	objects = {

/* Begin PBXBuildFile section */
		A42B107129E13DE3000BA46A /* GrowTreesApp.swift in Sources */ = {isa = PBXBuildFile; fileRef = A42B107029E13DE3000BA46A /* GrowTreesApp.swift */; };
		A42B107329E13DE3000BA46A /* ContentView.swift in Sources */ = {isa = PBXBuildFile; fileRef = A42B107229E13DE3000BA46A /* ContentView.swift */; };
		A42B107529E13DE4000BA46A /* Assets.xcassets in Resources */ = {isa = PBXBuildFile; fileRef = A42B107429E13DE4000BA46A /* Assets.xcassets */; };
		A42B107829E13DE4000BA46A /* Preview Assets.xcassets in Resources */ = {isa = PBXBuildFile; fileRef = A42B107729E13DE4000BA46A /* Preview Assets.xcassets */; };
		A42B107F29E16A2E000BA46A /* Tree Listing.swift in Sources */ = {isa = PBXBuildFile; fileRef = A42B107E29E16A2E000BA46A /* Tree Listing.swift */; };
		A42B108129E16AC0000BA46A /* Sunflower.swift in Sources */ = {isa = PBXBuildFile; fileRef = A42B108029E16AC0000BA46A /* Sunflower.swift */; };
		A42B108329E180E2000BA46A /* Inside Flower.swift in Sources */ = {isa = PBXBuildFile; fileRef = A42B108229E180E2000BA46A /* Inside Flower.swift */; };
		A42B108529E18379000BA46A /* SunflowerInfo.swift in Sources */ = {isa = PBXBuildFile; fileRef = A42B108429E18379000BA46A /* SunflowerInfo.swift */; };
		A42B108729E18395000BA46A /* PhotoFriendship.swift in Sources */ = {isa = PBXBuildFile; fileRef = A42B108629E18395000BA46A /* PhotoFriendship.swift */; };
		A42B108929E20BB9000BA46A /* Bonsai.swift in Sources */ = {isa = PBXBuildFile; fileRef = A42B108829E20BB9000BA46A /* Bonsai.swift */; };
		A42B108B29E20BE1000BA46A /* Inside_Bonsai.swift in Sources */ = {isa = PBXBuildFile; fileRef = A42B108A29E20BE1000BA46A /* Inside_Bonsai.swift */; };
		A42B108D29E20BFD000BA46A /* BonsaiInfo.swift in Sources */ = {isa = PBXBuildFile; fileRef = A42B108C29E20BFD000BA46A /* BonsaiInfo.swift */; };
		A42B109629E21529000BA46A /* GoogleService-Info.plist in Resources */ = {isa = PBXBuildFile; fileRef = A42B109529E21529000BA46A /* GoogleService-Info.plist */; };
		A42B109D29E21A0D000BA46A /* FirebaseAuth in Frameworks */ = {isa = PBXBuildFile; productRef = A42B109C29E21A0D000BA46A /* FirebaseAuth */; };
		A42B109F29E21A0D000BA46A /* FirebaseFirestore in Frameworks */ = {isa = PBXBuildFile; productRef = A42B109E29E21A0D000BA46A /* FirebaseFirestore */; };
		A42B10A129E21A0D000BA46A /* FirebaseFirestoreSwift in Frameworks */ = {isa = PBXBuildFile; productRef = A42B10A029E21A0D000BA46A /* FirebaseFirestoreSwift */; };
		A42B10A329E21FFE000BA46A /* AuthViewModel.swift in Sources */ = {isa = PBXBuildFile; fileRef = A42B10A229E21FFE000BA46A /* AuthViewModel.swift */; };
		A42B10A529E2201E000BA46A /* SignUpView.swift in Sources */ = {isa = PBXBuildFile; fileRef = A42B10A429E2201E000BA46A /* SignUpView.swift */; };
		A42B10A729E22052000BA46A /* SignInView.swift in Sources */ = {isa = PBXBuildFile; fileRef = A42B10A629E22052000BA46A /* SignInView.swift */; };
		A42B10A929E29356000BA46A /* splashscreenview.swift in Sources */ = {isa = PBXBuildFile; fileRef = A42B10A829E29356000BA46A /* splashscreenview.swift */; };
		A42B10AD29E293F9000BA46A /* GifImage.swift in Sources */ = {isa = PBXBuildFile; fileRef = A42B10AC29E293F9000BA46A /* GifImage.swift */; };
		A42B10B129E2BB42000BA46A /* tree.gif in Resources */ = {isa = PBXBuildFile; fileRef = A42B10B029E2BB42000BA46A /* tree.gif */; };
		A42B10B329E2BFA4000BA46A /* GIFLoadingView.swift in Sources */ = {isa = PBXBuildFile; fileRef = A42B10B229E2BFA4000BA46A /* GIFLoadingView.swift */; };
/* End PBXBuildFile section */

/* Begin PBXFileReference section */
		A42B106D29E13DE3000BA46A /* GrowTrees.app */ = {isa = PBXFileReference; explicitFileType = wrapper.application; includeInIndex = 0; path = GrowTrees.app; sourceTree = BUILT_PRODUCTS_DIR; };
		A42B107029E13DE3000BA46A /* GrowTreesApp.swift */ = {isa = PBXFileReference; lastKnownFileType = sourcecode.swift; path = GrowTreesApp.swift; sourceTree = "<group>"; };
		A42B107229E13DE3000BA46A /* ContentView.swift */ = {isa = PBXFileReference; lastKnownFileType = sourcecode.swift; path = ContentView.swift; sourceTree = "<group>"; };
		A42B107429E13DE4000BA46A /* Assets.xcassets */ = {isa = PBXFileReference; lastKnownFileType = folder.assetcatalog; path = Assets.xcassets; sourceTree = "<group>"; };
		A42B107729E13DE4000BA46A /* Preview Assets.xcassets */ = {isa = PBXFileReference; lastKnownFileType = folder.assetcatalog; path = "Preview Assets.xcassets"; sourceTree = "<group>"; };
		A42B107E29E16A2E000BA46A /* Tree Listing.swift */ = {isa = PBXFileReference; lastKnownFileType = sourcecode.swift; path = "Tree Listing.swift"; sourceTree = "<group>"; };
		A42B108029E16AC0000BA46A /* Sunflower.swift */ = {isa = PBXFileReference; lastKnownFileType = sourcecode.swift; path = Sunflower.swift; sourceTree = "<group>"; };
		A42B108229E180E2000BA46A /* Inside Flower.swift */ = {isa = PBXFileReference; lastKnownFileType = sourcecode.swift; path = "Inside Flower.swift"; sourceTree = "<group>"; };
		A42B108429E18379000BA46A /* SunflowerInfo.swift */ = {isa = PBXFileReference; lastKnownFileType = sourcecode.swift; path = SunflowerInfo.swift; sourceTree = "<group>"; };
		A42B108629E18395000BA46A /* PhotoFriendship.swift */ = {isa = PBXFileReference; lastKnownFileType = sourcecode.swift; path = PhotoFriendship.swift; sourceTree = "<group>"; };
		A42B108829E20BB9000BA46A /* Bonsai.swift */ = {isa = PBXFileReference; lastKnownFileType = sourcecode.swift; path = Bonsai.swift; sourceTree = "<group>"; };
		A42B108A29E20BE1000BA46A /* Inside_Bonsai.swift */ = {isa = PBXFileReference; lastKnownFileType = sourcecode.swift; path = Inside_Bonsai.swift; sourceTree = "<group>"; };
		A42B108C29E20BFD000BA46A /* BonsaiInfo.swift */ = {isa = PBXFileReference; lastKnownFileType = sourcecode.swift; path = BonsaiInfo.swift; sourceTree = "<group>"; };
		A42B109529E21529000BA46A /* GoogleService-Info.plist */ = {isa = PBXFileReference; fileEncoding = 4; lastKnownFileType = text.plist.xml; path = "GoogleService-Info.plist"; sourceTree = "<group>"; };
		A42B10A229E21FFE000BA46A /* AuthViewModel.swift */ = {isa = PBXFileReference; lastKnownFileType = sourcecode.swift; path = AuthViewModel.swift; sourceTree = "<group>"; };
		A42B10A429E2201E000BA46A /* SignUpView.swift */ = {isa = PBXFileReference; lastKnownFileType = sourcecode.swift; path = SignUpView.swift; sourceTree = "<group>"; };
		A42B10A629E22052000BA46A /* SignInView.swift */ = {isa = PBXFileReference; lastKnownFileType = sourcecode.swift; path = SignInView.swift; sourceTree = "<group>"; };
		A42B10A829E29356000BA46A /* splashscreenview.swift */ = {isa = PBXFileReference; lastKnownFileType = sourcecode.swift; path = splashscreenview.swift; sourceTree = "<group>"; };
		A42B10AC29E293F9000BA46A /* GifImage.swift */ = {isa = PBXFileReference; lastKnownFileType = sourcecode.swift; path = GifImage.swift; sourceTree = "<group>"; };
		A42B10B029E2BB42000BA46A /* tree.gif */ = {isa = PBXFileReference; lastKnownFileType = image.gif; path = tree.gif; sourceTree = "<group>"; };
		A42B10B229E2BFA4000BA46A /* GIFLoadingView.swift */ = {isa = PBXFileReference; lastKnownFileType = sourcecode.swift; path = GIFLoadingView.swift; sourceTree = "<group>"; };
/* End PBXFileReference section */

/* Begin PBXFrameworksBuildPhase section */
		A42B106A29E13DE3000BA46A /* Frameworks */ = {
			isa = PBXFrameworksBuildPhase;
			buildActionMask = 2147483647;
			files = (
				A42B109D29E21A0D000BA46A /* FirebaseAuth in Frameworks */,
				A42B109F29E21A0D000BA46A /* FirebaseFirestore in Frameworks */,
				A42B10A129E21A0D000BA46A /* FirebaseFirestoreSwift in Frameworks */,
			);
			runOnlyForDeploymentPostprocessing = 0;
		};
/* End PBXFrameworksBuildPhase section */

/* Begin PBXGroup section */
		A42B106429E13DE3000BA46A = {
			isa = PBXGroup;
			children = (
				A42B106F29E13DE3000BA46A /* GrowTrees */,
				A42B106E29E13DE3000BA46A /* Products */,
			);
			sourceTree = "<group>";
		};
		A42B106E29E13DE3000BA46A /* Products */ = {
			isa = PBXGroup;
			children = (
				A42B106D29E13DE3000BA46A /* GrowTrees.app */,
			);
			name = Products;
			sourceTree = "<group>";
		};
		A42B106F29E13DE3000BA46A /* GrowTrees */ = {
			isa = PBXGroup;
			children = (
				A42B107029E13DE3000BA46A /* GrowTreesApp.swift */,
				A42B108C29E20BFD000BA46A /* BonsaiInfo.swift */,
				A42B108829E20BB9000BA46A /* Bonsai.swift */,
				A42B108A29E20BE1000BA46A /* Inside_Bonsai.swift */,
				A42B107229E13DE3000BA46A /* ContentView.swift */,
				A42B107E29E16A2E000BA46A /* Tree Listing.swift */,
				A42B108029E16AC0000BA46A /* Sunflower.swift */,
				A42B108229E180E2000BA46A /* Inside Flower.swift */,
				A42B108429E18379000BA46A /* SunflowerInfo.swift */,
				A42B108629E18395000BA46A /* PhotoFriendship.swift */,
				A42B10A229E21FFE000BA46A /* AuthViewModel.swift */,
				A42B10A429E2201E000BA46A /* SignUpView.swift */,
				A42B10A629E22052000BA46A /* SignInView.swift */,
				A42B10A829E29356000BA46A /* splashscreenview.swift */,
				A42B10B229E2BFA4000BA46A /* GIFLoadingView.swift */,
				A42B10AC29E293F9000BA46A /* GifImage.swift */,
				A42B10B029E2BB42000BA46A /* tree.gif */,
				A42B107429E13DE4000BA46A /* Assets.xcassets */,
				A42B109529E21529000BA46A /* GoogleService-Info.plist */,
				A42B107629E13DE4000BA46A /* Preview Content */,
			);
			path = GrowTrees;
			sourceTree = "<group>";
		};
		A42B107629E13DE4000BA46A /* Preview Content */ = {
			isa = PBXGroup;
			children = (
				A42B107729E13DE4000BA46A /* Preview Assets.xcassets */,
			);
			path = "Preview Content";
			sourceTree = "<group>";
		};
/* End PBXGroup section */

/* Begin PBXNativeTarget section */
		A42B106C29E13DE3000BA46A /* GrowTrees */ = {
			isa = PBXNativeTarget;
			buildConfigurationList = A42B107B29E13DE4000BA46A /* Build configuration list for PBXNativeTarget "GrowTrees" */;
			buildPhases = (
				A42B106929E13DE3000BA46A /* Sources */,
				A42B106A29E13DE3000BA46A /* Frameworks */,
				A42B106B29E13DE3000BA46A /* Resources */,
			);
			buildRules = (
			);
			dependencies = (
			);
			name = GrowTrees;
			packageProductDependencies = (
				A42B109C29E21A0D000BA46A /* FirebaseAuth */,
				A42B109E29E21A0D000BA46A /* FirebaseFirestore */,
				A42B10A029E21A0D000BA46A /* FirebaseFirestoreSwift */,
			);
			productName = GrowTrees;
			productReference = A42B106D29E13DE3000BA46A /* GrowTrees.app */;
			productType = "com.apple.product-type.application";
		};
/* End PBXNativeTarget section */

/* Begin PBXProject section */
		A42B106529E13DE3000BA46A /* Project object */ = {
			isa = PBXProject;
			attributes = {
				BuildIndependentTargetsInParallel = 1;
				LastSwiftUpdateCheck = 1430;
				LastUpgradeCheck = 1430;
				TargetAttributes = {
					A42B106C29E13DE3000BA46A = {
						CreatedOnToolsVersion = 14.3;
					};
				};
			};
			buildConfigurationList = A42B106829E13DE3000BA46A /* Build configuration list for PBXProject "GrowTrees" */;
			compatibilityVersion = "Xcode 14.0";
			developmentRegion = en;
			hasScannedForEncodings = 0;
			knownRegions = (
				en,
				Base,
			);
			mainGroup = A42B106429E13DE3000BA46A;
			packageReferences = (
				A42B109B29E21A0D000BA46A /* XCRemoteSwiftPackageReference "firebase-ios-sdk" */,
			);
			productRefGroup = A42B106E29E13DE3000BA46A /* Products */;
			projectDirPath = "";
			projectRoot = "";
			targets = (
				A42B106C29E13DE3000BA46A /* GrowTrees */,
			);
		};
/* End PBXProject section */

/* Begin PBXResourcesBuildPhase section */
		A42B106B29E13DE3000BA46A /* Resources */ = {
			isa = PBXResourcesBuildPhase;
			buildActionMask = 2147483647;
			files = (
				A42B10B129E2BB42000BA46A /* tree.gif in Resources */,
				A42B107829E13DE4000BA46A /* Preview Assets.xcassets in Resources */,
				A42B109629E21529000BA46A /* GoogleService-Info.plist in Resources */,
				A42B107529E13DE4000BA46A /* Assets.xcassets in Resources */,
			);
			runOnlyForDeploymentPostprocessing = 0;
		};
/* End PBXResourcesBuildPhase section */

/* Begin PBXSourcesBuildPhase section */
		A42B106929E13DE3000BA46A /* Sources */ = {
			isa = PBXSourcesBuildPhase;
			buildActionMask = 2147483647;
			files = (
				A42B108B29E20BE1000BA46A /* Inside_Bonsai.swift in Sources */,
				A42B107F29E16A2E000BA46A /* Tree Listing.swift in Sources */,
				A42B108529E18379000BA46A /* SunflowerInfo.swift in Sources */,
				A42B108329E180E2000BA46A /* Inside Flower.swift in Sources */,
				A42B10A529E2201E000BA46A /* SignUpView.swift in Sources */,
				A42B108929E20BB9000BA46A /* Bonsai.swift in Sources */,
				A42B107329E13DE3000BA46A /* ContentView.swift in Sources */,
				A42B107129E13DE3000BA46A /* GrowTreesApp.swift in Sources */,
				A42B10A329E21FFE000BA46A /* AuthViewModel.swift in Sources */,
				A42B108129E16AC0000BA46A /* Sunflower.swift in Sources */,
				A42B108729E18395000BA46A /* PhotoFriendship.swift in Sources */,
				A42B108D29E20BFD000BA46A /* BonsaiInfo.swift in Sources */,
				A42B10A729E22052000BA46A /* SignInView.swift in Sources */,
				A42B10A929E29356000BA46A /* splashscreenview.swift in Sources */,
				A42B10B329E2BFA4000BA46A /* GIFLoadingView.swift in Sources */,
				A42B10AD29E293F9000BA46A /* GifImage.swift in Sources */,
			);
			runOnlyForDeploymentPostprocessing = 0;
		};
/* End PBXSourcesBuildPhase section */

/* Begin XCBuildConfiguration section */
		A42B107929E13DE4000BA46A /* Debug */ = {
			isa = XCBuildConfiguration;
			buildSettings = {
				ALWAYS_SEARCH_USER_PATHS = NO;
				CLANG_ANALYZER_NONNULL = YES;
				CLANG_ANALYZER_NUMBER_OBJECT_CONVERSION = YES_AGGRESSIVE;
				CLANG_CXX_LANGUAGE_STANDARD = "gnu++20";
				CLANG_ENABLE_MODULES = YES;
				CLANG_ENABLE_OBJC_ARC = YES;
				CLANG_ENABLE_OBJC_WEAK = YES;
				CLANG_WARN_BLOCK_CAPTURE_AUTORELEASING = YES;
				CLANG_WARN_BOOL_CONVERSION = YES;
				CLANG_WARN_COMMA = YES;
				CLANG_WARN_CONSTANT_CONVERSION = YES;
				CLANG_WARN_DEPRECATED_OBJC_IMPLEMENTATIONS = YES;
				CLANG_WARN_DIRECT_OBJC_ISA_USAGE = YES_ERROR;
				CLANG_WARN_DOCUMENTATION_COMMENTS = YES;
				CLANG_WARN_EMPTY_BODY = YES;
				CLANG_WARN_ENUM_CONVERSION = YES;
				CLANG_WARN_INFINITE_RECURSION = YES;
				CLANG_WARN_INT_CONVERSION = YES;
				CLANG_WARN_NON_LITERAL_NULL_CONVERSION = YES;
				CLANG_WARN_OBJC_IMPLICIT_RETAIN_SELF = YES;
				CLANG_WARN_OBJC_LITERAL_CONVERSION = YES;
				CLANG_WARN_OBJC_ROOT_CLASS = YES_ERROR;
				CLANG_WARN_QUOTED_INCLUDE_IN_FRAMEWORK_HEADER = YES;
				CLANG_WARN_RANGE_LOOP_ANALYSIS = YES;
				CLANG_WARN_STRICT_PROTOTYPES = YES;
				CLANG_WARN_SUSPICIOUS_MOVE = YES;
				CLANG_WARN_UNGUARDED_AVAILABILITY = YES_AGGRESSIVE;
				CLANG_WARN_UNREACHABLE_CODE = YES;
				CLANG_WARN__DUPLICATE_METHOD_MATCH = YES;
				COPY_PHASE_STRIP = NO;
				DEBUG_INFORMATION_FORMAT = dwarf;
				ENABLE_STRICT_OBJC_MSGSEND = YES;
				ENABLE_TESTABILITY = YES;
				GCC_C_LANGUAGE_STANDARD = gnu11;
				GCC_DYNAMIC_NO_PIC = NO;
				GCC_NO_COMMON_BLOCKS = YES;
				GCC_OPTIMIZATION_LEVEL = 0;
				GCC_PREPROCESSOR_DEFINITIONS = (
					"DEBUG=1",
					"$(inherited)",
				);
				GCC_WARN_64_TO_32_BIT_CONVERSION = YES;
				GCC_WARN_ABOUT_RETURN_TYPE = YES_ERROR;
				GCC_WARN_UNDECLARED_SELECTOR = YES;
				GCC_WARN_UNINITIALIZED_AUTOS = YES_AGGRESSIVE;
				GCC_WARN_UNUSED_FUNCTION = YES;
				GCC_WARN_UNUSED_VARIABLE = YES;
				IPHONEOS_DEPLOYMENT_TARGET = 16.0;
				MTL_ENABLE_DEBUG_INFO = INCLUDE_SOURCE;
				MTL_FAST_MATH = YES;
				ONLY_ACTIVE_ARCH = YES;
				SDKROOT = iphoneos;
				SWIFT_ACTIVE_COMPILATION_CONDITIONS = DEBUG;
				SWIFT_OPTIMIZATION_LEVEL = "-Onone";
			};
			name = Debug;
		};
		A42B107A29E13DE4000BA46A /* Release */ = {
			isa = XCBuildConfiguration;
			buildSettings = {
				ALWAYS_SEARCH_USER_PATHS = NO;
				CLANG_ANALYZER_NONNULL = YES;
				CLANG_ANALYZER_NUMBER_OBJECT_CONVERSION = YES_AGGRESSIVE;
				CLANG_CXX_LANGUAGE_STANDARD = "gnu++20";
				CLANG_ENABLE_MODULES = YES;
				CLANG_ENABLE_OBJC_ARC = YES;
				CLANG_ENABLE_OBJC_WEAK = YES;
				CLANG_WARN_BLOCK_CAPTURE_AUTORELEASING = YES;
				CLANG_WARN_BOOL_CONVERSION = YES;
				CLANG_WARN_COMMA = YES;
				CLANG_WARN_CONSTANT_CONVERSION = YES;
				CLANG_WARN_DEPRECATED_OBJC_IMPLEMENTATIONS = YES;
				CLANG_WARN_DIRECT_OBJC_ISA_USAGE = YES_ERROR;
				CLANG_WARN_DOCUMENTATION_COMMENTS = YES;
				CLANG_WARN_EMPTY_BODY = YES;
				CLANG_WARN_ENUM_CONVERSION = YES;
				CLANG_WARN_INFINITE_RECURSION = YES;
				CLANG_WARN_INT_CONVERSION = YES;
				CLANG_WARN_NON_LITERAL_NULL_CONVERSION = YES;
				CLANG_WARN_OBJC_IMPLICIT_RETAIN_SELF = YES;
				CLANG_WARN_OBJC_LITERAL_CONVERSION = YES;
				CLANG_WARN_OBJC_ROOT_CLASS = YES_ERROR;
				CLANG_WARN_QUOTED_INCLUDE_IN_FRAMEWORK_HEADER = YES;
				CLANG_WARN_RANGE_LOOP_ANALYSIS = YES;
				CLANG_WARN_STRICT_PROTOTYPES = YES;
				CLANG_WARN_SUSPICIOUS_MOVE = YES;
				CLANG_WARN_UNGUARDED_AVAILABILITY = YES_AGGRESSIVE;
				CLANG_WARN_UNREACHABLE_CODE = YES;
				CLANG_WARN__DUPLICATE_METHOD_MATCH = YES;
				COPY_PHASE_STRIP = NO;
				DEBUG_INFORMATION_FORMAT = "dwarf-with-dsym";
				ENABLE_NS_ASSERTIONS = NO;
				ENABLE_STRICT_OBJC_MSGSEND = YES;
				GCC_C_LANGUAGE_STANDARD = gnu11;
				GCC_NO_COMMON_BLOCKS = YES;
				GCC_WARN_64_TO_32_BIT_CONVERSION = YES;
				GCC_WARN_ABOUT_RETURN_TYPE = YES_ERROR;
				GCC_WARN_UNDECLARED_SELECTOR = YES;
				GCC_WARN_UNINITIALIZED_AUTOS = YES_AGGRESSIVE;
				GCC_WARN_UNUSED_FUNCTION = YES;
				GCC_WARN_UNUSED_VARIABLE = YES;
				IPHONEOS_DEPLOYMENT_TARGET = 16.0;
				MTL_ENABLE_DEBUG_INFO = NO;
				MTL_FAST_MATH = YES;
				SDKROOT = iphoneos;
				SWIFT_COMPILATION_MODE = wholemodule;
				SWIFT_OPTIMIZATION_LEVEL = "-O";
				VALIDATE_PRODUCT = YES;
			};
			name = Release;
		};
		A42B107C29E13DE4000BA46A /* Debug */ = {
			isa = XCBuildConfiguration;
			buildSettings = {
				ASSETCATALOG_COMPILER_APPICON_NAME = AppIcon;
				ASSETCATALOG_COMPILER_GLOBAL_ACCENT_COLOR_NAME = AccentColor;
				CODE_SIGN_STYLE = Automatic;
				CURRENT_PROJECT_VERSION = 1;
				DEVELOPMENT_ASSET_PATHS = "\"GrowTrees/Preview Content\"";
				DEVELOPMENT_TEAM = VG6Z9GPAM7;
				ENABLE_PREVIEWS = YES;
				GENERATE_INFOPLIST_FILE = YES;
				INFOPLIST_KEY_UIApplicationSceneManifest_Generation = YES;
				INFOPLIST_KEY_UIApplicationSupportsIndirectInputEvents = YES;
				INFOPLIST_KEY_UILaunchScreen_Generation = YES;
				INFOPLIST_KEY_UISupportedInterfaceOrientations_iPad = "UIInterfaceOrientationPortrait UIInterfaceOrientationPortraitUpsideDown UIInterfaceOrientationLandscapeLeft UIInterfaceOrientationLandscapeRight";
				INFOPLIST_KEY_UISupportedInterfaceOrientations_iPhone = "UIInterfaceOrientationPortrait UIInterfaceOrientationLandscapeLeft UIInterfaceOrientationLandscapeRight";
				LD_RUNPATH_SEARCH_PATHS = (
					"$(inherited)",
					"@executable_path/Frameworks",
				);
				MARKETING_VERSION = 1.0;
				PRODUCT_BUNDLE_IDENTIFIER = com.Aryandaga.GrowTrees;
				PRODUCT_NAME = "$(TARGET_NAME)";
				SWIFT_EMIT_LOC_STRINGS = YES;
				SWIFT_VERSION = 5.0;
				TARGETED_DEVICE_FAMILY = "1,2";
			};
			name = Debug;
		};
		A42B107D29E13DE4000BA46A /* Release */ = {
			isa = XCBuildConfiguration;
			buildSettings = {
				ASSETCATALOG_COMPILER_APPICON_NAME = AppIcon;
				ASSETCATALOG_COMPILER_GLOBAL_ACCENT_COLOR_NAME = AccentColor;
				CODE_SIGN_STYLE = Automatic;
				CURRENT_PROJECT_VERSION = 1;
				DEVELOPMENT_ASSET_PATHS = "\"GrowTrees/Preview Content\"";
				DEVELOPMENT_TEAM = VG6Z9GPAM7;
				ENABLE_PREVIEWS = YES;
				GENERATE_INFOPLIST_FILE = YES;
				INFOPLIST_KEY_UIApplicationSceneManifest_Generation = YES;
				INFOPLIST_KEY_UIApplicationSupportsIndirectInputEvents = YES;
				INFOPLIST_KEY_UILaunchScreen_Generation = YES;
				INFOPLIST_KEY_UISupportedInterfaceOrientations_iPad = "UIInterfaceOrientationPortrait UIInterfaceOrientationPortraitUpsideDown UIInterfaceOrientationLandscapeLeft UIInterfaceOrientationLandscapeRight";
				INFOPLIST_KEY_UISupportedInterfaceOrientations_iPhone = "UIInterfaceOrientationPortrait UIInterfaceOrientationLandscapeLeft UIInterfaceOrientationLandscapeRight";
				LD_RUNPATH_SEARCH_PATHS = (
					"$(inherited)",
					"@executable_path/Frameworks",
				);
				MARKETING_VERSION = 1.0;
				PRODUCT_BUNDLE_IDENTIFIER = com.Aryandaga.GrowTrees;
				PRODUCT_NAME = "$(TARGET_NAME)";
				SWIFT_EMIT_LOC_STRINGS = YES;
				SWIFT_VERSION = 5.0;
				TARGETED_DEVICE_FAMILY = "1,2";
			};
			name = Release;
		};
/* End XCBuildConfiguration section */

/* Begin XCConfigurationList section */
		A42B106829E13DE3000BA46A /* Build configuration list for PBXProject "GrowTrees" */ = {
			isa = XCConfigurationList;
			buildConfigurations = (
				A42B107929E13DE4000BA46A /* Debug */,
				A42B107A29E13DE4000BA46A /* Release */,
			);
			defaultConfigurationIsVisible = 0;
			defaultConfigurationName = Release;
		};
		A42B107B29E13DE4000BA46A /* Build configuration list for PBXNativeTarget "GrowTrees" */ = {
			isa = XCConfigurationList;
			buildConfigurations = (
				A42B107C29E13DE4000BA46A /* Debug */,
				A42B107D29E13DE4000BA46A /* Release */,
			);
			defaultConfigurationIsVisible = 0;
			defaultConfigurationName = Release;
		};
/* End XCConfigurationList section */

/* Begin XCRemoteSwiftPackageReference section */
		A42B109B29E21A0D000BA46A /* XCRemoteSwiftPackageReference "firebase-ios-sdk" */ = {
			isa = XCRemoteSwiftPackageReference;
			repositoryURL = "https://github.com/firebase/firebase-ios-sdk.git";
			requirement = {
				kind = upToNextMajorVersion;
				minimumVersion = 10.0.0;
			};
		};
/* End XCRemoteSwiftPackageReference section */

/* Begin XCSwiftPackageProductDependency section */
		A42B109C29E21A0D000BA46A /* FirebaseAuth */ = {
			isa = XCSwiftPackageProductDependency;
			package = A42B109B29E21A0D000BA46A /* XCRemoteSwiftPackageReference "firebase-ios-sdk" */;
			productName = FirebaseAuth;
		};
		A42B109E29E21A0D000BA46A /* FirebaseFirestore */ = {
			isa = XCSwiftPackageProductDependency;
			package = A42B109B29E21A0D000BA46A /* XCRemoteSwiftPackageReference "firebase-ios-sdk" */;
			productName = FirebaseFirestore;
		};
		A42B10A029E21A0D000BA46A /* FirebaseFirestoreSwift */ = {
			isa = XCSwiftPackageProductDependency;
			package = A42B109B29E21A0D000BA46A /* XCRemoteSwiftPackageReference "firebase-ios-sdk" */;
			productName = FirebaseFirestoreSwift;
		};
/* End XCSwiftPackageProductDependency section */
	};
	rootObject = A42B106529E13DE3000BA46A /* Project object */;
}
